{"1.2.0",
[{<<"epgsql">>,{pkg,<<"epgsql">>,<<"4.6.0">>},0},
 {<<"fs">>,{pkg,<<"fs">>,<<"6.1.1">>},1},
 {<<"jsone">>,{pkg,<<"jsone">>,<<"1.7.0">>},0},
 {<<"katana_code">>,{pkg,<<"katana_code">>,<<"1.1.1">>},1},
 {<<"poolboy">>,{pkg,<<"poolboy">>,<<"1.5.2">>},0},
 {<<"rebar3_format">>,{pkg,<<"rebar3_format">>,<<"1.0.1">>},0},
 {<<"sync">>,
  {git,"git://github.com/rustyio/sync.git",
       {ref,"7c9367e73b7dbb01a788f8d0120d747330112f6f"}},
  0}]}.
[
{pkg_hash,[
 {<<"epgsql">>, <<"A403534D03811C867E79405BB18D6061A5FCEF92ACF0236A9150AC93748CE143">>},
 {<<"fs">>, <<"9D147B944D60CFA48A349F12D06C8EE71128F610C90870BDF9A6773206452ED0">>},
 {<<"jsone">>, <<"1E3BD7D5DD44BB2EB0797DDDEA1CBF2DDAB8D9F29E499A467CA171C23F5984EA">>},
 {<<"katana_code">>, <<"7EFFD69078AD6263F54C0E02231387A292A4FBD80BF79E5F62D666410D798038">>},
 {<<"poolboy">>, <<"392B007A1693A64540CEAD79830443ABF5762F5D30CF50BC95CB2C1AAAFA006B">>},
 {<<"rebar3_format">>, <<"F8D275C9BD9A2541880D03071AF75FD6B78FC80D74158DC0A2C48A913B03D9F4">>}]},
{pkg_hash_ext,[
 {<<"epgsql">>, <<"6BE4910A02551F21EAB6F6F27D97B0D4B1DFFC617F1A64C8C95FDD45652FA9E1">>},
 {<<"fs">>, <<"EF94E95FFE79916860649FED80AC62B04C322B0BB70F5128144C026B4D171F8B">>},
 {<<"jsone">>, <<"A3A33712EE6BC8BE10CFA21C7C425A299DE4C5A8533F9F931E577A6D0E8F5DBD">>},
 {<<"katana_code">>, <<"94F4C9DF74F09B8944C5B04902F7902A3C5A1B289E45CFC1A83A462A669359FA">>},
 {<<"poolboy">>, <<"DAD79704CE5440F3D5A3681C8590B9DC25D1A561E8F5A9C995281012860901E3">>},
 {<<"rebar3_format">>, <<"3896FA8BCA201C8A6B725D5DE67E0031F00A087C4BE69B4202CA7EA7AA0DA9E3">>}]}
].
